
Microsoft Visual Studio Solution File, Format Version 12.00
# Visual Studio 15
VisualStudioVersion = 15.0.28307.168
MinimumVisualStudioVersion = 10.0.40219.1
Project("{FAE04EC0-301F-11D3-BF4B-00C04F79EFBC}") = "SoWhenExactly", "SoWhenExactly\SoWhenExactly.csproj", "{ECE2DCFE-1FEA-4F2F-988A-5037F158FDE4}"
EndProject
Global
	GlobalSection(SolutionConfigurationPlatforms) = preSolution
		Debug|Any CPU = Debug|Any CPU
		Release|Any CPU = Release|Any CPU
	EndGlobalSection
	GlobalSection(ProjectConfigurationPlatforms) = postSolution
		{ECE2DCFE-1FEA-4F2F-988A-5037F158FDE4}.Debug|Any CPU.ActiveCfg = Debug|Any CPU
		{ECE2DCFE-1FEA-4F2F-988A-5037F158FDE4}.Debug|Any CPU.Build.0 = Debug|Any CPU
		{ECE2DCFE-1FEA-4F2F-988A-5037F158FDE4}.Release|Any CPU.ActiveCfg = Release|Any CPU
		{ECE2DCFE-1FEA-4F2F-988A-5037F158FDE4}.Release|Any CPU.Build.0 = Release|Any CPU
	EndGlobalSection
	GlobalSection(SolutionProperties) = preSolution
		HideSolutionNode = FALSE
	EndGlobalSection
	GlobalSection(ExtensibilityGlobals) = postSolution
		SolutionGuid = {15A93F49-6435-4B6A-9167-B35B2EE9D132}
	EndGlobalSection
EndGlobal
